<Solution>
  <Project Path="Concierge.Ai/Concierge.Ai.csproj" />
  <Project Path="Concierge.Chat.Cloud/Concierge.Chat.Cloud.csproj" />
  <Project Path="Concierge.Cli/Concierge.Cli.csproj" />
  <Project Path="Concierge.CodeMode/Concierge.CodeMode.csproj" />
  <Project Path="Concierge.CodeMode.Host/Concierge.CodeMode.Host.csproj" />
  <Project Path="Concierge.Diagrams.Design/Concierge.Diagrams.Design.csproj" />
  <Project Path="Concierge.Media/Concierge.Media.csproj" />
  <Project Path="Concierge.Media.Cloud/Concierge.Media.Cloud.csproj" />
  <Project Path="Concierge.Mesh/Concierge.Mesh.csproj" />
  <Project Path="Concierge.Shared/Concierge.Shared.csproj" />
  <Project Path="Concierge.Shared.Components/Concierge.Shared.Components.csproj" />
  <Project Path="Concierge.Tests/Concierge.Tests.csproj" />
  <Project Path="Concierge.Web/Concierge.Web.csproj" />
  <Project Path="Concierge.Web.Client/Concierge.Web.Client.csproj" />
  <Project Path="Concierge/Concierge.csproj" />
</Solution>
